<?xml version="1.0" encoding="utf-8"?>
<Project ToolsVersion="4.0" xmlns="http://schemas.microsoft.com/developer/msbuild/2003">
  <ItemGroup>
    <Filter Include="Source Files">
      <UniqueIdentifier>{4FC737F1-C7A5-4376-A066-2A32D752A2FF}</UniqueIdentifier>
      <Extensions>cpp;c;cc;cxx;def;odl;idl;hpj;bat;asm;asmx</Extensions>
    </Filter>
    <Filter Include="Source Files\Util Source">
      <UniqueIdentifier>{0d8c3e5f-2941-415c-b783-dd5707b49c43}</UniqueIdentifier>
    </Filter>
    <Filter Include="Source Files\RBX">
      <UniqueIdentifier>{ea8678fa-91fe-48fd-96b2-9534ba41f4c6}</UniqueIdentifier>
    </Filter>
    <Filter Include="Source Files\RBX\Tasks">
      <UniqueIdentifier>{e8e6c2c9-50e3-49af-b5ff-e1d345366ff4}</UniqueIdentifier>
    </Filter>
    <Filter Include="Source Files\ClientShared">
      <UniqueIdentifier>{6c5833a3-ffc6-409d-be68-5a8ccb3437c0}</UniqueIdentifier>
    </Filter>
    <Filter Include="Header Files">
      <UniqueIdentifier>{93995380-89BD-4b04-88EB-625FBE52EBFB}</UniqueIdentifier>
      <Extensions>h;hpp;hxx;hm;inl;inc;xsd</Extensions>
    </Filter>
    <Filter Include="Header Files\Util Header">
      <UniqueIdentifier>{f291e2e0-4d31-4a8f-adcc-c8a5427a4881}</UniqueIdentifier>
    </Filter>
    <Filter Include="Header Files\RBX">
      <UniqueIdentifier>{1493a382-b7d7-4531-8401-2399aa7c31f3}</UniqueIdentifier>
    </Filter>
    <Filter Include="Header Files\RBX\Tasks">
      <UniqueIdentifier>{75367d34-58e2-475f-9db3-8fccd90bca0d}</UniqueIdentifier>
    </Filter>
    <Filter Include="Header Files\RBX\Intrusive">
      <UniqueIdentifier>{289fe25e-217e-4e7f-b3a9-a4f4bf314f9c}</UniqueIdentifier>
    </Filter>
    <Filter Include="Header Files\ClientShared">
      <UniqueIdentifier>{1975f9a8-eca7-4b20-91b5-ef170f635ded}</UniqueIdentifier>
    </Filter>
    <Filter Include="Resource Files">
      <UniqueIdentifier>{67DA6AB6-F800-4c08-8B7A-83BB121AAD01}</UniqueIdentifier>
      <Extensions>rc;ico;cur;bmp;dlg;rc2;rct;bin;rgs;gif;jpg;jpeg;jpe;resx;tiff;tif;png;wav</Extensions>
    </Filter>
    <Filter Include="Header Files\simd">
      <UniqueIdentifier>{4ed0e4c1-ab15-498b-8244-ee03f0847f0a}</UniqueIdentifier>
    </Filter>
  </ItemGroup>
  <ItemGroup>
    <ClCompile Include="$(SolutionDir)engine\core\src\cpucount.cpp">
      <Filter>Source Files</Filter>
    </ClCompile>
    <ClCompile Include="$(SolutionDir)engine\core\src\rbx\MathUtil.cpp">
      <Filter>Source Files</Filter>
    </ClCompile>
    <ClCompile Include="$(SolutionDir)engine\core\src\RbxAssert.cpp">
      <Filter>Source Files</Filter>
    </ClCompile>
    <ClCompile Include="$(SolutionDir)engine\core\src\RbxFormat.cpp">
      <Filter>Source Files</Filter>
    </ClCompile>
    <ClCompile Include="$(SolutionDir)engine\core\src\rbx\Time.cpp">
      <Filter>Source Files</Filter>
    </ClCompile>
    <ClCompile Include="$(SolutionDir)engine\core\src\util\Debug.cpp">
      <Filter>Source Files\Util Source</Filter>
    </ClCompile>
    <ClCompile Include="$(SolutionDir)engine\core\src\util\Log.cpp">
      <Filter>Source Files\Util Source</Filter>
    </ClCompile>
    <ClCompile Include="$(SolutionDir)engine\core\src\util\RbxCrash.cpp">
      <Filter>Source Files\Util Source</Filter>
    </ClCompile>
    <ClCompile Include="$(SolutionDir)engine\core\src\util\RegistryUtil.cpp">
      <Filter>Source Files\Util Source</Filter>
    </ClCompile>
    <ClCompile Include="$(SolutionDir)engine\core\src\rbx\boost.cpp">
      <Filter>Source Files\RBX</Filter>
    </ClCompile>
    <ClCompile Include="$(SolutionDir)engine\core\src\rbx\CEvent.cpp">
      <Filter>Source Files\RBX</Filter>
    </ClCompile>
    <ClCompile Include="$(SolutionDir)engine\core\src\rbx\Crypt.cpp">
      <Filter>Source Files\RBX</Filter>
    </ClCompile>
    <ClCompile Include="$(SolutionDir)engine\core\src\rbx\Memory.cpp">
      <Filter>Source Files\RBX</Filter>
    </ClCompile>
    <ClCompile Include="$(SolutionDir)engine\core\src\rbx\ProcessPerfCounter.cpp">
      <Filter>Source Files\RBX</Filter>
    </ClCompile>
    <ClCompile Include="$(SolutionDir)engine\core\include\rbx\RbxDbgInfo.cpp">
      <Filter>Source Files\RBX</Filter>
    </ClCompile>
    <ClCompile Include="$(SolutionDir)engine\core\src\rbx\Signal.cpp">
      <Filter>Source Files\RBX</Filter>
    </ClCompile>
    <ClCompile Include="$(SolutionDir)engine\core\src\rbx\TaskScheduler.cpp">
      <Filter>Source Files\RBX</Filter>
    </ClCompile>
    <ClCompile Include="$(SolutionDir)engine\core\src\rbx\TaskScheduler.Job.cpp">
      <Filter>Source Files\RBX</Filter>
    </ClCompile>
    <ClCompile Include="$(SolutionDir)engine\core\src\rbx\TaskScheduler.Thread.cpp">
      <Filter>Source Files\RBX</Filter>
    </ClCompile>
    <ClCompile Include="$(SolutionDir)engine\core\src\rbx\ThreadSafe.cpp">
      <Filter>Source Files\RBX</Filter>
    </ClCompile>
    <ClCompile Include="$(SolutionDir)engine\core\src\rbx\Tasks\Coordinator.cpp">
      <Filter>Source Files\RBX\Tasks</Filter>
    </ClCompile>
    <ClCompile Include="$(SolutionDir)apps\player\shared\client\SimpleJSON.cpp">
      <Filter>Source Files\ClientShared</Filter>
    </ClCompile>
    <ClCompile Include="$(SolutionDir)apps\player\shared\client\StringConv.cpp">
      <Filter>Source Files\ClientShared</Filter>
    </ClCompile>
    <ClCompile Include="$(SolutionDir)engine\core\src\rbx\Win\SystemUtil.cpp">
      <Filter>Source Files\RBX</Filter>
    </ClCompile>
    <ClCompile Include="$(SolutionDir)apps\player\shared\client\Win\CookiesEngine.cpp">
      <Filter>Source Files\ClientShared</Filter>
    </ClCompile>
    <ClCompile Include="$(SolutionDir)engine\core\src\util\StreamHelpers.cpp">
      <Filter>Source Files\Util Source</Filter>
    </ClCompile>
    <ClCompile Include="$(SolutionDir)engine\core\src\rbx\Profiler.cpp">
      <Filter>Source Files\RBX</Filter>
    </ClCompile>
    <ClCompile Include="$(SolutionDir)engine\core\src\rbx\Durango\SystemUtil.cpp">
      <Filter>Source Files\RBX</Filter>
    </ClCompile>
    <ClCompile Include="$(SolutionDir)apps\player\shared\client\Mobile\CookiesEngine.cpp">
      <Filter>Source Files</Filter>
    </ClCompile>
  </ItemGroup>
  <ItemGroup>
    <ClInclude Include="$(SolutionDir)engine\core\include\CPUCount.h">
      <Filter>Header Files</Filter>
    </ClInclude>
    <ClInclude Include="$(SolutionDir)engine\core\include\rbx\MathUtil.h">
      <Filter>Header Files</Filter>
    </ClInclude>
    <ClInclude Include="$(SolutionDir)engine\core\include\RbxAssert.h">
      <Filter>Header Files</Filter>
    </ClInclude>
    <ClInclude Include="$(SolutionDir)engine\core\include\RbxBase.h">
      <Filter>Header Files</Filter>
    </ClInclude>
    <ClInclude Include="$(SolutionDir)engine\core\include\RbxFormat.h">
      <Filter>Header Files</Filter>
    </ClInclude>
    <ClInclude Include="$(SolutionDir)engine\core\include\RbxHash.h">
      <Filter>Header Files</Filter>
    </ClInclude>
    <ClInclude Include="$(SolutionDir)engine\core\include\RbxPlatform.h">
      <Filter>Header Files</Filter>
    </ClInclude>
    <ClInclude Include="$(SolutionDir)engine\core\include\rbx\rbxTime.h">
      <Filter>Header Files</Filter>
    </ClInclude>
    <ClInclude Include="$(SolutionDir)engine\core\include\SelectState.h">
      <Filter>Header Files</Filter>
    </ClInclude>
    <ClInclude Include="$(SolutionDir)engine\core\include\util\RegistryUtil.h">
      <Filter>Header Files\Util Header</Filter>
    </ClInclude>
    <ClInclude Include="$(SolutionDir)engine\core\include\util\SafeToLower.h">
      <Filter>Header Files\Util Header</Filter>
    </ClInclude>
    <ClInclude Include="$(SolutionDir)engine\core\include\util\ScopedSingleton.h">
      <Filter>Header Files\Util Header</Filter>
    </ClInclude>
    <ClInclude Include="$(SolutionDir)engine\core\include\util\stringbuffer.h">
      <Filter>Header Files\Util Header</Filter>
    </ClInclude>
    <ClInclude Include="$(SolutionDir)engine\core\include\util\ublas_ext.h">
      <Filter>Header Files\Util Header</Filter>
    </ClInclude>
    <ClInclude Include="$(SolutionDir)engine\core\include\rbx\atomic.h">
      <Filter>Header Files\RBX</Filter>
    </ClInclude>
    <ClInclude Include="$(SolutionDir)engine\core\include\rbx\BaldPtr.h">
      <Filter>Header Files\RBX</Filter>
    </ClInclude>
    <ClInclude Include="$(SolutionDir)engine\core\include\rbx\Boost.hpp">
      <Filter>Header Files\RBX</Filter>
    </ClInclude>
    <ClInclude Include="$(SolutionDir)engine\core\include\rbx\callable.h">
      <Filter>Header Files\RBX</Filter>
    </ClInclude>
    <ClInclude Include="$(SolutionDir)engine\core\include\rbx\CEvent.h">
      <Filter>Header Files\RBX</Filter>
    </ClInclude>
    <ClInclude Include="$(SolutionDir)engine\core\include\rbx\Crypt.h">
      <Filter>Header Files\RBX</Filter>
    </ClInclude>
    <ClInclude Include="$(SolutionDir)engine\core\include\rbx\Countable.h">
      <Filter>Header Files\RBX</Filter>
    </ClInclude>
    <ClInclude Include="$(SolutionDir)engine\core\include\rbx\Debug.h">
      <Filter>Header Files\RBX</Filter>
    </ClInclude>
    <ClInclude Include="$(SolutionDir)engine\core\include\rbx\Declarations.h">
      <Filter>Header Files\RBX</Filter>
    </ClInclude>
    <ClInclude Include="$(SolutionDir)engine\core\include\rbx\GlobalVectorItem.h">
      <Filter>Header Files\RBX</Filter>
    </ClInclude>
    <ClInclude Include="$(SolutionDir)engine\core\include\rbx\intrusive_ptr_target.h">
      <Filter>Header Files\RBX</Filter>
    </ClInclude>
    <ClInclude Include="$(SolutionDir)engine\core\include\rbx\intrusive_weak_ptr.h">
      <Filter>Header Files\RBX</Filter>
    </ClInclude>
    <ClInclude Include="$(SolutionDir)engine\core\include\rbx\Log.h">
      <Filter>Header Files\RBX</Filter>
    </ClInclude>
    <ClInclude Include="$(SolutionDir)engine\core\include\rbx\make_shared.h">
      <Filter>Header Files\RBX</Filter>
    </ClInclude>
    <ClInclude Include="$(SolutionDir)engine\core\include\rbx\Memory.h">
      <Filter>Header Files\RBX</Filter>
    </ClInclude>
    <ClInclude Include="$(SolutionDir)engine\core\include\rbx\Nil.h">
      <Filter>Header Files\RBX</Filter>
    </ClInclude>
    <ClInclude Include="$(SolutionDir)engine\core\include\rbx\object_pool.h">
      <Filter>Header Files\RBX</Filter>
    </ClInclude>
    <ClInclude Include="$(SolutionDir)engine\core\include\rbx\ProcessPerfCounter.h">
      <Filter>Header Files\RBX</Filter>
    </ClInclude>
    <ClInclude Include="$(SolutionDir)engine\core\include\rbx\RbxDbgInfo.h">
      <Filter>Header Files\RBX</Filter>
    </ClInclude>
    <ClInclude Include="$(SolutionDir)engine\core\include\rbx\RbxStrings.h">
      <Filter>Header Files\RBX</Filter>
    </ClInclude>
    <ClInclude Include="$(SolutionDir)engine\core\include\rbx\RunningAverage.h">
      <Filter>Header Files\RBX</Filter>
    </ClInclude>
    <ClInclude Include="$(SolutionDir)engine\core\include\rbx\signal.h">
      <Filter>Header Files\RBX</Filter>
    </ClInclude>
    <ClInclude Include="$(SolutionDir)engine\core\include\rbx\TaskScheduler.h">
      <Filter>Header Files\RBX</Filter>
    </ClInclude>
    <ClInclude Include="$(SolutionDir)engine\core\include\rbx\TaskScheduler.Job.h">
      <Filter>Header Files\RBX</Filter>
    </ClInclude>
    <ClInclude Include="$(SolutionDir)engine\core\include\rbx\threadsafe.h">
      <Filter>Header Files\RBX</Filter>
    </ClInclude>
    <ClInclude Include="$(SolutionDir)engine\core\include\rbx\trie.h">
      <Filter>Header Files\RBX</Filter>
    </ClInclude>
    <ClInclude Include="$(SolutionDir)engine\core\include\rbx\Tasks\Coordinator.h">
      <Filter>Header Files\RBX\Tasks</Filter>
    </ClInclude>
    <ClInclude Include="$(SolutionDir)engine\core\include\rbx\Intrusive\MemberBucket.h">
      <Filter>Header Files\RBX\Intrusive</Filter>
    </ClInclude>
    <ClInclude Include="$(SolutionDir)engine\core\include\rbx\Intrusive\Set.h">
      <Filter>Header Files\RBX\Intrusive</Filter>
    </ClInclude>
    <ClInclude Include="$(SolutionDir)engine\core\include\rbx\Intrusive\SLinkedLoopNode.h">
      <Filter>Header Files\RBX\Intrusive</Filter>
    </ClInclude>
    <ClInclude Include="$(SolutionDir)apps\player\shared\client\CookiesEngine.h">
      <Filter>Header Files\ClientShared</Filter>
    </ClInclude>
    <ClInclude Include="$(SolutionDir)apps\player\shared\client\SimpleJSON.h">
      <Filter>Header Files\ClientShared</Filter>
    </ClInclude>
    <ClInclude Include="$(SolutionDir)apps\player\shared\client\StringConv.h">
      <Filter>Header Files\ClientShared</Filter>
    </ClInclude>
    <ClInclude Include="$(SolutionDir)engine\core\include\rbx\Thread.hpp">
      <Filter>Header Files</Filter>
    </ClInclude>
    <ClInclude Include="$(SolutionDir)engine\core\include\rbx\DenseHash.h">
      <Filter>Header Files</Filter>
    </ClInclude>
    <ClInclude Include="$(SolutionDir)engine\core\include\rbx\Profiler.h">
      <Filter>Header Files\RBX</Filter>
    </ClInclude>
    <ClInclude Include="$(SolutionDir)engine\core\include\rbx\ArrayDynamic.h">
      <Filter>Header Files</Filter>
    </ClInclude>
    <ClInclude Include="$(SolutionDir)engine\core\include\simd\simd.h">
      <Filter>Header Files\simd</Filter>
    </ClInclude>
    <ClInclude Include="$(SolutionDir)engine\core\include\simd\simd_types.h">
      <Filter>Header Files\simd</Filter>
    </ClInclude>
    <ClInclude Include="$(SolutionDir)engine\core\include\simd\simd_types.inl">
      <Filter>Header Files\simd</Filter>
    </ClInclude>
    <ClInclude Include="$(SolutionDir)engine\core\include\simd\simd_platform.h">
      <Filter>Header Files\simd</Filter>
    </ClInclude>
    <ClInclude Include="$(SolutionDir)engine\core\include\simd\simd_sse.inl">
      <Filter>Header Files\simd</Filter>
    </ClInclude>
    <ClInclude Include="$(SolutionDir)engine\core\include\simd\simd_neon.inl">
      <Filter>Header Files\simd</Filter>
    </ClInclude>
    <ClInclude Include="$(SolutionDir)engine\core\include\simd\simd_common.inl">
      <Filter>Header Files\simd</Filter>
    </ClInclude>
    <ClInclude Include="$(SolutionDir)engine\core\include\XStudioBuild.h">
      <Filter>Header Files</Filter>
    </ClInclude>
  </ItemGroup>
</Project>